
Microsoft Visual Studio Solution File, Format Version 12.00
# Visual Studio Version 16
VisualStudioVersion = 16.0.31025.194
MinimumVisualStudioVersion = 10.0.40219.1
Project("{FAE04EC0-301F-11D3-BF4B-00C04F79EFBC}") = "note_app.UWP", "note_app\note_app.UWP\note_app.UWP.csproj", "{07BAAC28-0F24-4F90-A9F0-F507E69E841F}"
EndProject
Project("{FAE04EC0-301F-11D3-BF4B-00C04F79EFBC}") = "note_app.Android", "note_app\note_app.Android\note_app.Android.csproj", "{09315CCC-4519-4ED7-883F-3F936A35584C}"
EndProject
Project("{FAE04EC0-301F-11D3-BF4B-00C04F79EFBC}") = "note_app.iOS", "note_app\note_app.iOS\note_app.iOS.csproj", "{1BCF74F0-5A6F-42D9-801C-FAA8511FB9D7}"
EndProject
Project("{FAE04EC0-301F-11D3-BF4B-00C04F79EFBC}") = "note_app", "note_app\note_app\note_app.csproj", "{90A1E197-1157-4BF4-A7EE-915A94295347}"
EndProject
Global
	GlobalSection(SolutionConfigurationPlatforms) = preSolution
		Debug|Any CPU = Debug|Any CPU
		Debug|ARM = Debug|ARM
		Debug|iPhone = Debug|iPhone
		Debug|iPhoneSimulator = Debug|iPhoneSimulator
		Debug|x64 = Debug|x64
		Debug|x86 = Debug|x86
		Release|Any CPU = Release|Any CPU
		Release|ARM = Release|ARM
		Release|iPhone = Release|iPhone
		Release|iPhoneSimulator = Release|iPhoneSimulator
		Release|x64 = Release|x64
		Release|x86 = Release|x86
	EndGlobalSection
	GlobalSection(ProjectConfigurationPlatforms) = postSolution
		{07BAAC28-0F24-4F90-A9F0-F507E69E841F}.Debug|Any CPU.ActiveCfg = Debug|x86
		{07BAAC28-0F24-4F90-A9F0-F507E69E841F}.Debug|Any CPU.Build.0 = Debug|x86
		{07BAAC28-0F24-4F90-A9F0-F507E69E841F}.Debug|Any CPU.Deploy.0 = Debug|x86
		{07BAAC28-0F24-4F90-A9F0-F507E69E841F}.Debug|ARM.ActiveCfg = Debug|ARM
		{07BAAC28-0F24-4F90-A9F0-F507E69E841F}.Debug|ARM.Build.0 = Debug|ARM
		{07BAAC28-0F24-4F90-A9F0-F507E69E841F}.Debug|ARM.Deploy.0 = Debug|ARM
		{07BAAC28-0F24-4F90-A9F0-F507E69E841F}.Debug|iPhone.ActiveCfg = Debug|x86
		{07BAAC28-0F24-4F90-A9F0-F507E69E841F}.Debug|iPhone.Build.0 = Debug|x86
		{07BAAC28-0F24-4F90-A9F0-F507E69E841F}.Debug|iPhone.Deploy.0 = Debug|x86
		{07BAAC28-0F24-4F90-A9F0-F507E69E841F}.Debug|iPhoneSimulator.ActiveCfg = Debug|x86
		{07BAAC28-0F24-4F90-A9F0-F507E69E841F}.Debug|iPhoneSimulator.Build.0 = Debug|x86
		{07BAAC28-0F24-4F90-A9F0-F507E69E841F}.Debug|iPhoneSimulator.Deploy.0 = Debug|x86
		{07BAAC28-0F24-4F90-A9F0-F507E69E841F}.Debug|x64.ActiveCfg = Debug|x64
		{07BAAC28-0F24-4F90-A9F0-F507E69E841F}.Debug|x64.Build.0 = Debug|x64
		{07BAAC28-0F24-4F90-A9F0-F507E69E841F}.Debug|x64.Deploy.0 = Debug|x64
		{07BAAC28-0F24-4F90-A9F0-F507E69E841F}.Debug|x86.ActiveCfg = Debug|x86
		{07BAAC28-0F24-4F90-A9F0-F507E69E841F}.Debug|x86.Build.0 = Debug|x86
		{07BAAC28-0F24-4F90-A9F0-F507E69E841F}.Debug|x86.Deploy.0 = Debug|x86
		{07BAAC28-0F24-4F90-A9F0-F507E69E841F}.Release|Any CPU.ActiveCfg = Release|x86
		{07BAAC28-0F24-4F90-A9F0-F507E69E841F}.Release|Any CPU.Build.0 = Release|x86
		{07BAAC28-0F24-4F90-A9F0-F507E69E841F}.Release|Any CPU.Deploy.0 = Release|x86
		{07BAAC28-0F24-4F90-A9F0-F507E69E841F}.Release|ARM.ActiveCfg = Release|ARM
		{07BAAC28-0F24-4F90-A9F0-F507E69E841F}.Release|ARM.Build.0 = Release|ARM
		{07BAAC28-0F24-4F90-A9F0-F507E69E841F}.Release|ARM.Deploy.0 = Release|ARM
		{07BAAC28-0F24-4F90-A9F0-F507E69E841F}.Release|iPhone.ActiveCfg = Release|x86
		{07BAAC28-0F24-4F90-A9F0-F507E69E841F}.Release|iPhone.Build.0 = Release|x86
		{07BAAC28-0F24-4F90-A9F0-F507E69E841F}.Release|iPhone.Deploy.0 = Release|x86
		{07BAAC28-0F24-4F90-A9F0-F507E69E841F}.Release|iPhoneSimulator.ActiveCfg = Release|x86
		{07BAAC28-0F24-4F90-A9F0-F507E69E841F}.Release|iPhoneSimulator.Build.0 = Release|x86
		{07BAAC28-0F24-4F90-A9F0-F507E69E841F}.Release|iPhoneSimulator.Deploy.0 = Release|x86
		{07BAAC28-0F24-4F90-A9F0-F507E69E841F}.Release|x64.ActiveCfg = Release|x64
		{07BAAC28-0F24-4F90-A9F0-F507E69E841F}.Release|x64.Build.0 = Release|x64
		{07BAAC28-0F24-4F90-A9F0-F507E69E841F}.Release|x64.Deploy.0 = Release|x64
		{07BAAC28-0F24-4F90-A9F0-F507E69E841F}.Release|x86.ActiveCfg = Release|x86
		{07BAAC28-0F24-4F90-A9F0-F507E69E841F}.Release|x86.Build.0 = Release|x86
		{07BAAC28-0F24-4F90-A9F0-F507E69E841F}.Release|x86.Deploy.0 = Release|x86
		{09315CCC-4519-4ED7-883F-3F936A35584C}.Debug|Any CPU.ActiveCfg = Debug|Any CPU
		{09315CCC-4519-4ED7-883F-3F936A35584C}.Debug|Any CPU.Build.0 = Debug|Any CPU
		{09315CCC-4519-4ED7-883F-3F936A35584C}.Debug|Any CPU.Deploy.0 = Debug|Any CPU
		{09315CCC-4519-4ED7-883F-3F936A35584C}.Debug|ARM.ActiveCfg = Debug|Any CPU
		{09315CCC-4519-4ED7-883F-3F936A35584C}.Debug|ARM.Build.0 = Debug|Any CPU
		{09315CCC-4519-4ED7-883F-3F936A35584C}.Debug|ARM.Deploy.0 = Debug|Any CPU
		{09315CCC-4519-4ED7-883F-3F936A35584C}.Debug|iPhone.ActiveCfg = Debug|Any CPU
		{09315CCC-4519-4ED7-883F-3F936A35584C}.Debug|iPhone.Build.0 = Debug|Any CPU
		{09315CCC-4519-4ED7-883F-3F936A35584C}.Debug|iPhone.Deploy.0 = Debug|Any CPU
		{09315CCC-4519-4ED7-883F-3F936A35584C}.Debug|iPhoneSimulator.ActiveCfg = Debug|Any CPU
		{09315CCC-4519-4ED7-883F-3F936A35584C}.Debug|iPhoneSimulator.Build.0 = Debug|Any CPU
		{09315CCC-4519-4ED7-883F-3F936A35584C}.Debug|iPhoneSimulator.Deploy.0 = Debug|Any CPU
		{09315CCC-4519-4ED7-883F-3F936A35584C}.Debug|x64.ActiveCfg = Debug|Any CPU
		{09315CCC-4519-4ED7-883F-3F936A35584C}.Debug|x64.Build.0 = Debug|Any CPU
		{09315CCC-4519-4ED7-883F-3F936A35584C}.Debug|x64.Deploy.0 = Debug|Any CPU
		{09315CCC-4519-4ED7-883F-3F936A35584C}.Debug|x86.ActiveCfg = Debug|Any CPU
		{09315CCC-4519-4ED7-883F-3F936A35584C}.Debug|x86.Build.0 = Debug|Any CPU
		{09315CCC-4519-4ED7-883F-3F936A35584C}.Debug|x86.Deploy.0 = Debug|Any CPU
		{09315CCC-4519-4ED7-883F-3F936A35584C}.Release|Any CPU.ActiveCfg = Release|Any CPU
		{09315CCC-4519-4ED7-883F-3F936A35584C}.Release|Any CPU.Build.0 = Release|Any CPU
		{09315CCC-4519-4ED7-883F-3F936A35584C}.Release|Any CPU.Deploy.0 = Release|Any CPU
		{09315CCC-4519-4ED7-883F-3F936A35584C}.Release|ARM.ActiveCfg = Release|Any CPU
		{09315CCC-4519-4ED7-883F-3F936A35584C}.Release|ARM.Build.0 = Release|Any CPU
		{09315CCC-4519-4ED7-883F-3F936A35584C}.Release|ARM.Deploy.0 = Release|Any CPU
		{09315CCC-4519-4ED7-883F-3F936A35584C}.Release|iPhone.ActiveCfg = Release|Any CPU
		{09315CCC-4519-4ED7-883F-3F936A35584C}.Release|iPhone.Build.0 = Release|Any CPU
		{09315CCC-4519-4ED7-883F-3F936A35584C}.Release|iPhone.Deploy.0 = Release|Any CPU
		{09315CCC-4519-4ED7-883F-3F936A35584C}.Release|iPhoneSimulator.ActiveCfg = Release|Any CPU
		{09315CCC-4519-4ED7-883F-3F936A35584C}.Release|iPhoneSimulator.Build.0 = Release|Any CPU
		{09315CCC-4519-4ED7-883F-3F936A35584C}.Release|iPhoneSimulator.Deploy.0 = Release|Any CPU
		{09315CCC-4519-4ED7-883F-3F936A35584C}.Release|x64.ActiveCfg = Release|Any CPU
		{09315CCC-4519-4ED7-883F-3F936A35584C}.Release|x64.Build.0 = Release|Any CPU
		{09315CCC-4519-4ED7-883F-3F936A35584C}.Release|x64.Deploy.0 = Release|Any CPU
		{09315CCC-4519-4ED7-883F-3F936A35584C}.Release|x86.ActiveCfg = Release|Any CPU
		{09315CCC-4519-4ED7-883F-3F936A35584C}.Release|x86.Build.0 = Release|Any CPU
		{09315CCC-4519-4ED7-883F-3F936A35584C}.Release|x86.Deploy.0 = Release|Any CPU
		{1BCF74F0-5A6F-42D9-801C-FAA8511FB9D7}.Debug|Any CPU.ActiveCfg = Debug|iPhoneSimulator
		{1BCF74F0-5A6F-42D9-801C-FAA8511FB9D7}.Debug|Any CPU.Build.0 = Debug|iPhoneSimulator
		{1BCF74F0-5A6F-42D9-801C-FAA8511FB9D7}.Debug|Any CPU.Deploy.0 = Debug|iPhoneSimulator
		{1BCF74F0-5A6F-42D9-801C-FAA8511FB9D7}.Debug|ARM.ActiveCfg = Debug|iPhone
		{1BCF74F0-5A6F-42D9-801C-FAA8511FB9D7}.Debug|ARM.Build.0 = Debug|iPhone
		{1BCF74F0-5A6F-42D9-801C-FAA8511FB9D7}.Debug|ARM.Deploy.0 = Debug|iPhone
		{1BCF74F0-5A6F-42D9-801C-FAA8511FB9D7}.Debug|iPhone.ActiveCfg = Debug|iPhone
		{1BCF74F0-5A6F-42D9-801C-FAA8511FB9D7}.Debug|iPhone.Build.0 = Debug|iPhone
		{1BCF74F0-5A6F-42D9-801C-FAA8511FB9D7}.Debug|iPhone.Deploy.0 = Debug|iPhone
		{1BCF74F0-5A6F-42D9-801C-FAA8511FB9D7}.Debug|iPhoneSimulator.ActiveCfg = Debug|iPhoneSimulator
		{1BCF74F0-5A6F-42D9-801C-FAA8511FB9D7}.Debug|iPhoneSimulator.Build.0 = Debug|iPhoneSimulator
		{1BCF74F0-5A6F-42D9-801C-FAA8511FB9D7}.Debug|iPhoneSimulator.Deploy.0 = Debug|iPhoneSimulator
		{1BCF74F0-5A6F-42D9-801C-FAA8511FB9D7}.Debug|x64.ActiveCfg = Debug|iPhoneSimulator
		{1BCF74F0-5A6F-42D9-801C-FAA8511FB9D7}.Debug|x64.Build.0 = Debug|iPhoneSimulator
		{1BCF74F0-5A6F-42D9-801C-FAA8511FB9D7}.Debug|x64.Deploy.0 = Debug|iPhoneSimulator
		{1BCF74F0-5A6F-42D9-801C-FAA8511FB9D7}.Debug|x86.ActiveCfg = Debug|iPhoneSimulator
		{1BCF74F0-5A6F-42D9-801C-FAA8511FB9D7}.Debug|x86.Build.0 = Debug|iPhoneSimulator
		{1BCF74F0-5A6F-42D9-801C-FAA8511FB9D7}.Debug|x86.Deploy.0 = Debug|iPhoneSimulator
		{1BCF74F0-5A6F-42D9-801C-FAA8511FB9D7}.Release|Any CPU.ActiveCfg = Release|iPhoneSimulator
		{1BCF74F0-5A6F-42D9-801C-FAA8511FB9D7}.Release|Any CPU.Build.0 = Release|iPhoneSimulator
		{1BCF74F0-5A6F-42D9-801C-FAA8511FB9D7}.Release|Any CPU.Deploy.0 = Release|iPhoneSimulator
		{1BCF74F0-5A6F-42D9-801C-FAA8511FB9D7}.Release|ARM.ActiveCfg = Release|iPhoneSimulator
		{1BCF74F0-5A6F-42D9-801C-FAA8511FB9D7}.Release|ARM.Build.0 = Release|iPhoneSimulator
		{1BCF74F0-5A6F-42D9-801C-FAA8511FB9D7}.Release|ARM.Deploy.0 = Release|iPhoneSimulator
		{1BCF74F0-5A6F-42D9-801C-FAA8511FB9D7}.Release|iPhone.ActiveCfg = Release|iPhone
		{1BCF74F0-5A6F-42D9-801C-FAA8511FB9D7}.Release|iPhone.Build.0 = Release|iPhone
		{1BCF74F0-5A6F-42D9-801C-FAA8511FB9D7}.Release|iPhone.Deploy.0 = Release|iPhone
		{1BCF74F0-5A6F-42D9-801C-FAA8511FB9D7}.Release|iPhoneSimulator.ActiveCfg = Release|iPhoneSimulator
		{1BCF74F0-5A6F-42D9-801C-FAA8511FB9D7}.Release|iPhoneSimulator.Build.0 = Release|iPhoneSimulator
		{1BCF74F0-5A6F-42D9-801C-FAA8511FB9D7}.Release|iPhoneSimulator.Deploy.0 = Release|iPhoneSimulator
		{1BCF74F0-5A6F-42D9-801C-FAA8511FB9D7}.Release|x64.ActiveCfg = Release|iPhoneSimulator
		{1BCF74F0-5A6F-42D9-801C-FAA8511FB9D7}.Release|x64.Build.0 = Release|iPhoneSimulator
		{1BCF74F0-5A6F-42D9-801C-FAA8511FB9D7}.Release|x64.Deploy.0 = Release|iPhoneSimulator
		{1BCF74F0-5A6F-42D9-801C-FAA8511FB9D7}.Release|x86.ActiveCfg = Release|iPhoneSimulator
		{1BCF74F0-5A6F-42D9-801C-FAA8511FB9D7}.Release|x86.Build.0 = Release|iPhoneSimulator
		{1BCF74F0-5A6F-42D9-801C-FAA8511FB9D7}.Release|x86.Deploy.0 = Release|iPhoneSimulator
		{90A1E197-1157-4BF4-A7EE-915A94295347}.Debug|Any CPU.ActiveCfg = Debug|Any CPU
		{90A1E197-1157-4BF4-A7EE-915A94295347}.Debug|Any CPU.Build.0 = Debug|Any CPU
		{90A1E197-1157-4BF4-A7EE-915A94295347}.Debug|Any CPU.Deploy.0 = Debug|Any CPU
		{90A1E197-1157-4BF4-A7EE-915A94295347}.Debug|ARM.ActiveCfg = Debug|Any CPU
		{90A1E197-1157-4BF4-A7EE-915A94295347}.Debug|ARM.Build.0 = Debug|Any CPU
		{90A1E197-1157-4BF4-A7EE-915A94295347}.Debug|ARM.Deploy.0 = Debug|Any CPU
		{90A1E197-1157-4BF4-A7EE-915A94295347}.Debug|iPhone.ActiveCfg = Debug|Any CPU
		{90A1E197-1157-4BF4-A7EE-915A94295347}.Debug|iPhone.Build.0 = Debug|Any CPU
		{90A1E197-1157-4BF4-A7EE-915A94295347}.Debug|iPhone.Deploy.0 = Debug|Any CPU
		{90A1E197-1157-4BF4-A7EE-915A94295347}.Debug|iPhoneSimulator.ActiveCfg = Debug|Any CPU
		{90A1E197-1157-4BF4-A7EE-915A94295347}.Debug|iPhoneSimulator.Build.0 = Debug|Any CPU
		{90A1E197-1157-4BF4-A7EE-915A94295347}.Debug|iPhoneSimulator.Deploy.0 = Debug|Any CPU
		{90A1E197-1157-4BF4-A7EE-915A94295347}.Debug|x64.ActiveCfg = Debug|Any CPU
		{90A1E197-1157-4BF4-A7EE-915A94295347}.Debug|x64.Build.0 = Debug|Any CPU
		{90A1E197-1157-4BF4-A7EE-915A94295347}.Debug|x64.Deploy.0 = Debug|Any CPU
		{90A1E197-1157-4BF4-A7EE-915A94295347}.Debug|x86.ActiveCfg = Debug|Any CPU
		{90A1E197-1157-4BF4-A7EE-915A94295347}.Debug|x86.Build.0 = Debug|Any CPU
		{90A1E197-1157-4BF4-A7EE-915A94295347}.Debug|x86.Deploy.0 = Debug|Any CPU
		{90A1E197-1157-4BF4-A7EE-915A94295347}.Release|Any CPU.ActiveCfg = Release|Any CPU
		{90A1E197-1157-4BF4-A7EE-915A94295347}.Release|Any CPU.Build.0 = Release|Any CPU
		{90A1E197-1157-4BF4-A7EE-915A94295347}.Release|Any CPU.Deploy.0 = Release|Any CPU
		{90A1E197-1157-4BF4-A7EE-915A94295347}.Release|ARM.ActiveCfg = Release|Any CPU
		{90A1E197-1157-4BF4-A7EE-915A94295347}.Release|ARM.Build.0 = Release|Any CPU
		{90A1E197-1157-4BF4-A7EE-915A94295347}.Release|ARM.Deploy.0 = Release|Any CPU
		{90A1E197-1157-4BF4-A7EE-915A94295347}.Release|iPhone.ActiveCfg = Release|Any CPU
		{90A1E197-1157-4BF4-A7EE-915A94295347}.Release|iPhone.Build.0 = Release|Any CPU
		{90A1E197-1157-4BF4-A7EE-915A94295347}.Release|iPhone.Deploy.0 = Release|Any CPU
		{90A1E197-1157-4BF4-A7EE-915A94295347}.Release|iPhoneSimulator.ActiveCfg = Release|Any CPU
		{90A1E197-1157-4BF4-A7EE-915A94295347}.Release|iPhoneSimulator.Build.0 = Release|Any CPU
		{90A1E197-1157-4BF4-A7EE-915A94295347}.Release|iPhoneSimulator.Deploy.0 = Release|Any CPU
		{90A1E197-1157-4BF4-A7EE-915A94295347}.Release|x64.ActiveCfg = Release|Any CPU
		{90A1E197-1157-4BF4-A7EE-915A94295347}.Release|x64.Build.0 = Release|Any CPU
		{90A1E197-1157-4BF4-A7EE-915A94295347}.Release|x64.Deploy.0 = Release|Any CPU
		{90A1E197-1157-4BF4-A7EE-915A94295347}.Release|x86.ActiveCfg = Release|Any CPU
		{90A1E197-1157-4BF4-A7EE-915A94295347}.Release|x86.Build.0 = Release|Any CPU
		{90A1E197-1157-4BF4-A7EE-915A94295347}.Release|x86.Deploy.0 = Release|Any CPU
	EndGlobalSection
	GlobalSection(SolutionProperties) = preSolution
		HideSolutionNode = FALSE
	EndGlobalSection
	GlobalSection(ExtensibilityGlobals) = postSolution
		SolutionGuid = {9D042967-65CE-4E84-8ABD-0C68C0B2DAB7}
	EndGlobalSection
EndGlobal
